
Microsoft Visual Studio Solution File, Format Version 12.00
# Visual Studio 14
VisualStudioVersion = 14.0.25420.1
MinimumVisualStudioVersion = 10.0.40219.1
Project("{FAE04EC0-301F-11D3-BF4B-00C04F79EFBC}") = "FHIRLight.Server", "FHIRLight.Server\FHIRLight.Server.csproj", "{8B1D06CE-6A59-4012-BD7A-AB799FBF0DF2}"
EndProject
Project("{FAE04EC0-301F-11D3-BF4B-00C04F79EFBC}") = "FHIRLight.Library", "FHIRLight.Library\FHIRLight.Library.csproj", "{27136165-08A5-4FB7-8C3E-F431518BD2D3}"
EndProject
Project("{FAE04EC0-301F-11D3-BF4B-00C04F79EFBC}") = "FHIRLight.Services", "FHIRLight.Services\FHIRLight.Services.csproj", "{8F64E783-0044-4C52-A2A1-FB6324918207}"
EndProject
Project("{2150E333-8FDC-42A3-9474-1A3956D46DE8}") = "Library", "Library", "{AFFE35A4-C41C-43FE-81B0-FF0C21C4BF01}"
EndProject
Global
	GlobalSection(SolutionConfigurationPlatforms) = preSolution
		Debug|Any CPU = Debug|Any CPU
		Release|Any CPU = Release|Any CPU
	EndGlobalSection
	GlobalSection(ProjectConfigurationPlatforms) = postSolution
		{8B1D06CE-6A59-4012-BD7A-AB799FBF0DF2}.Debug|Any CPU.ActiveCfg = Debug|Any CPU
		{8B1D06CE-6A59-4012-BD7A-AB799FBF0DF2}.Debug|Any CPU.Build.0 = Debug|Any CPU
		{8B1D06CE-6A59-4012-BD7A-AB799FBF0DF2}.Release|Any CPU.ActiveCfg = Release|Any CPU
		{8B1D06CE-6A59-4012-BD7A-AB799FBF0DF2}.Release|Any CPU.Build.0 = Release|Any CPU
		{27136165-08A5-4FB7-8C3E-F431518BD2D3}.Debug|Any CPU.ActiveCfg = Debug|Any CPU
		{27136165-08A5-4FB7-8C3E-F431518BD2D3}.Debug|Any CPU.Build.0 = Debug|Any CPU
		{27136165-08A5-4FB7-8C3E-F431518BD2D3}.Release|Any CPU.ActiveCfg = Release|Any CPU
		{27136165-08A5-4FB7-8C3E-F431518BD2D3}.Release|Any CPU.Build.0 = Release|Any CPU
		{8F64E783-0044-4C52-A2A1-FB6324918207}.Debug|Any CPU.ActiveCfg = Debug|Any CPU
		{8F64E783-0044-4C52-A2A1-FB6324918207}.Debug|Any CPU.Build.0 = Debug|Any CPU
		{8F64E783-0044-4C52-A2A1-FB6324918207}.Release|Any CPU.ActiveCfg = Release|Any CPU
		{8F64E783-0044-4C52-A2A1-FB6324918207}.Release|Any CPU.Build.0 = Release|Any CPU
	EndGlobalSection
	GlobalSection(SolutionProperties) = preSolution
		HideSolutionNode = FALSE
	EndGlobalSection
	GlobalSection(NestedProjects) = preSolution
		{27136165-08A5-4FB7-8C3E-F431518BD2D3} = {AFFE35A4-C41C-43FE-81B0-FF0C21C4BF01}
		{8F64E783-0044-4C52-A2A1-FB6324918207} = {AFFE35A4-C41C-43FE-81B0-FF0C21C4BF01}
	EndGlobalSection
EndGlobal
