
Microsoft Visual Studio Solution File, Format Version 12.00
# Visual Studio 14
VisualStudioVersion = 14.0.25420.1
MinimumVisualStudioVersion = 10.0.40219.1
Project("{2150E333-8FDC-42A3-9474-1A3956D46DE8}") = "Library", "Library", "{AFFE35A4-C41C-43FE-81B0-FF0C21C4BF01}"
EndProject
Project("{2150E333-8FDC-42A3-9474-1A3956D46DE8}") = "Test", "Test", "{D5A0632F-77A2-4D0D-A8C3-AAECDA1494A8}"
EndProject
Project("{FAE04EC0-301F-11D3-BF4B-00C04F79EFBC}") = "FhirLight.Core", "FHIRLight.Core\FhirLight.Core.csproj", "{27136165-08A5-4FB7-8C3E-F431518BD2D3}"
EndProject
Project("{2150E333-8FDC-42A3-9474-1A3956D46DE8}") = ".nuget", ".nuget", "{26FD208B-ED22-4D29-BE59-FCDC311461A9}"
	ProjectSection(SolutionItems) = preProject
		.nuget\NuGet.Config = .nuget\NuGet.Config
		.nuget\NuGet.targets = .nuget\NuGet.targets
	EndProjectSection
EndProject
Project("{911E67C6-3D85-4FCE-B560-20A9C3E3FF48}") = "NuGet", ".nuget\NuGet.exe", "{FE25EC1B-D622-4C92-BAAF-AD0150BEEBC0}"
	ProjectSection(DebuggerProjectSystem) = preProject
		PortSupplier = 00000000-0000-0000-0000-000000000000
		Executable = D:\dev\verzada\FHIRLight\src\.nuget\NuGet.exe
		RemoteMachine = HNIKT-TOS-20206
		StartingDirectory = D:\dev\verzada\FHIRLight\src\.nuget
		Environment = Default
		LaunchingEngine = 00000000-0000-0000-0000-000000000000
		UseLegacyDebugEngines = No
		LaunchSQLEngine = No
		AttachLaunchAction = No
	EndProjectSection
EndProject
Project("{FAE04EC0-301F-11D3-BF4B-00C04F79EFBC}") = "FhirLight.Web", "FhirLight.Web\FhirLight.Web.csproj", "{DE7FBCD3-C1F5-4D57-8E97-AD1E104A7591}"
EndProject
Project("{FAE04EC0-301F-11D3-BF4B-00C04F79EFBC}") = "FhirLight.Server.UnitTests", "FhirLight.UnitTests\FhirLight.Server.UnitTests.csproj", "{33D54958-6C3F-45B5-AF31-5975E3E2E284}"
EndProject
Project("{FAE04EC0-301F-11D3-BF4B-00C04F79EFBC}") = "FhirLight.Server", "FhirLight.Server\FhirLight.Server.csproj", "{8B1D06CE-6A59-4012-BD7A-AB799FBF0DF2}"
EndProject
Project("{FAE04EC0-301F-11D3-BF4B-00C04F79EFBC}") = "FhirLight.Server.Template", "FhirLight.Server.Template\FhirLight.Server.Template.csproj", "{428E66FB-0093-4496-B237-FBA6C28C934B}"
EndProject
Global
	GlobalSection(SolutionConfigurationPlatforms) = preSolution
		Debug|Any CPU = Debug|Any CPU
		Debug|x86 = Debug|x86
		Release|Any CPU = Release|Any CPU
		Release|x86 = Release|x86
	EndGlobalSection
	GlobalSection(ProjectConfigurationPlatforms) = postSolution
		{27136165-08A5-4FB7-8C3E-F431518BD2D3}.Debug|Any CPU.ActiveCfg = Debug|Any CPU
		{27136165-08A5-4FB7-8C3E-F431518BD2D3}.Debug|Any CPU.Build.0 = Debug|Any CPU
		{27136165-08A5-4FB7-8C3E-F431518BD2D3}.Debug|x86.ActiveCfg = Debug|Any CPU
		{27136165-08A5-4FB7-8C3E-F431518BD2D3}.Debug|x86.Build.0 = Debug|Any CPU
		{27136165-08A5-4FB7-8C3E-F431518BD2D3}.Release|Any CPU.ActiveCfg = Release|Any CPU
		{27136165-08A5-4FB7-8C3E-F431518BD2D3}.Release|Any CPU.Build.0 = Release|Any CPU
		{27136165-08A5-4FB7-8C3E-F431518BD2D3}.Release|x86.ActiveCfg = Release|Any CPU
		{27136165-08A5-4FB7-8C3E-F431518BD2D3}.Release|x86.Build.0 = Release|Any CPU
		{FE25EC1B-D622-4C92-BAAF-AD0150BEEBC0}.Debug|Any CPU.ActiveCfg = Release|x86
		{FE25EC1B-D622-4C92-BAAF-AD0150BEEBC0}.Debug|x86.ActiveCfg = Release|x86
		{FE25EC1B-D622-4C92-BAAF-AD0150BEEBC0}.Release|Any CPU.ActiveCfg = Release|x86
		{FE25EC1B-D622-4C92-BAAF-AD0150BEEBC0}.Release|x86.ActiveCfg = Release|x86
		{DE7FBCD3-C1F5-4D57-8E97-AD1E104A7591}.Debug|Any CPU.ActiveCfg = Debug|Any CPU
		{DE7FBCD3-C1F5-4D57-8E97-AD1E104A7591}.Debug|Any CPU.Build.0 = Debug|Any CPU
		{DE7FBCD3-C1F5-4D57-8E97-AD1E104A7591}.Debug|x86.ActiveCfg = Debug|Any CPU
		{DE7FBCD3-C1F5-4D57-8E97-AD1E104A7591}.Debug|x86.Build.0 = Debug|Any CPU
		{DE7FBCD3-C1F5-4D57-8E97-AD1E104A7591}.Release|Any CPU.ActiveCfg = Release|Any CPU
		{DE7FBCD3-C1F5-4D57-8E97-AD1E104A7591}.Release|Any CPU.Build.0 = Release|Any CPU
		{DE7FBCD3-C1F5-4D57-8E97-AD1E104A7591}.Release|x86.ActiveCfg = Release|Any CPU
		{DE7FBCD3-C1F5-4D57-8E97-AD1E104A7591}.Release|x86.Build.0 = Release|Any CPU
		{33D54958-6C3F-45B5-AF31-5975E3E2E284}.Debug|Any CPU.ActiveCfg = Debug|Any CPU
		{33D54958-6C3F-45B5-AF31-5975E3E2E284}.Debug|Any CPU.Build.0 = Debug|Any CPU
		{33D54958-6C3F-45B5-AF31-5975E3E2E284}.Debug|x86.ActiveCfg = Debug|Any CPU
		{33D54958-6C3F-45B5-AF31-5975E3E2E284}.Debug|x86.Build.0 = Debug|Any CPU
		{33D54958-6C3F-45B5-AF31-5975E3E2E284}.Release|Any CPU.ActiveCfg = Release|Any CPU
		{33D54958-6C3F-45B5-AF31-5975E3E2E284}.Release|Any CPU.Build.0 = Release|Any CPU
		{33D54958-6C3F-45B5-AF31-5975E3E2E284}.Release|x86.ActiveCfg = Release|Any CPU
		{33D54958-6C3F-45B5-AF31-5975E3E2E284}.Release|x86.Build.0 = Release|Any CPU
		{8B1D06CE-6A59-4012-BD7A-AB799FBF0DF2}.Debug|Any CPU.ActiveCfg = Debug|Any CPU
		{8B1D06CE-6A59-4012-BD7A-AB799FBF0DF2}.Debug|Any CPU.Build.0 = Debug|Any CPU
		{8B1D06CE-6A59-4012-BD7A-AB799FBF0DF2}.Debug|x86.ActiveCfg = Debug|Any CPU
		{8B1D06CE-6A59-4012-BD7A-AB799FBF0DF2}.Debug|x86.Build.0 = Debug|Any CPU
		{8B1D06CE-6A59-4012-BD7A-AB799FBF0DF2}.Release|Any CPU.ActiveCfg = Release|Any CPU
		{8B1D06CE-6A59-4012-BD7A-AB799FBF0DF2}.Release|Any CPU.Build.0 = Release|Any CPU
		{8B1D06CE-6A59-4012-BD7A-AB799FBF0DF2}.Release|x86.ActiveCfg = Release|Any CPU
		{8B1D06CE-6A59-4012-BD7A-AB799FBF0DF2}.Release|x86.Build.0 = Release|Any CPU
		{428E66FB-0093-4496-B237-FBA6C28C934B}.Debug|Any CPU.ActiveCfg = Debug|Any CPU
		{428E66FB-0093-4496-B237-FBA6C28C934B}.Debug|Any CPU.Build.0 = Debug|Any CPU
		{428E66FB-0093-4496-B237-FBA6C28C934B}.Debug|x86.ActiveCfg = Debug|Any CPU
		{428E66FB-0093-4496-B237-FBA6C28C934B}.Debug|x86.Build.0 = Debug|Any CPU
		{428E66FB-0093-4496-B237-FBA6C28C934B}.Release|Any CPU.ActiveCfg = Release|Any CPU
		{428E66FB-0093-4496-B237-FBA6C28C934B}.Release|Any CPU.Build.0 = Release|Any CPU
		{428E66FB-0093-4496-B237-FBA6C28C934B}.Release|x86.ActiveCfg = Release|Any CPU
		{428E66FB-0093-4496-B237-FBA6C28C934B}.Release|x86.Build.0 = Release|Any CPU
	EndGlobalSection
	GlobalSection(SolutionProperties) = preSolution
		HideSolutionNode = FALSE
	EndGlobalSection
	GlobalSection(NestedProjects) = preSolution
		{27136165-08A5-4FB7-8C3E-F431518BD2D3} = {AFFE35A4-C41C-43FE-81B0-FF0C21C4BF01}
		{FE25EC1B-D622-4C92-BAAF-AD0150BEEBC0} = {26FD208B-ED22-4D29-BE59-FCDC311461A9}
		{DE7FBCD3-C1F5-4D57-8E97-AD1E104A7591} = {AFFE35A4-C41C-43FE-81B0-FF0C21C4BF01}
		{33D54958-6C3F-45B5-AF31-5975E3E2E284} = {D5A0632F-77A2-4D0D-A8C3-AAECDA1494A8}
	EndGlobalSection
EndGlobal
